{
	"name": "@simplr-wc/data-table",
	"version": "0.2.2",
	"lockfileVersion": 1,
	"requires": true,
	"dependencies": {
		"@simplr-wc/theme": {
			"version": "0.1.1",
			"resolved": "https://registry.npmjs.org/@simplr-wc/theme/-/theme-0.1.1.tgz",
			"integrity": "sha512-aetit4sFnrMQcJkRGa92ACf2Yg//M/IaQm094d3wQmDHI7B12+A6i4aUCccgROL4JxwnopylPTawmSvanXsYYw=="
		},
		"lit-element": {
			"version": "2.3.1",
			"resolved": "https://registry.npmjs.org/lit-element/-/lit-element-2.3.1.tgz",
			"integrity": "sha512-tOcUAmeO3BzwiQ7FGWdsshNvC0HVHcTFYw/TLIImmKwXYoV0E7zCBASa8IJ7DiP4cen/Yoj454gS0qqTnIGsFA==",
			"requires": {
				"lit-html": "^1.1.1"
			}
		},
		"lit-html": {
			"version": "1.2.1",
			"resolved": "https://registry.npmjs.org/lit-html/-/lit-html-1.2.1.tgz",
			"integrity": "sha512-GSJHHXMGLZDzTRq59IUfL9FCdAlGfqNp/dEa7k7aBaaWD+JKaCjsAk9KYm2V12ItonVaYx2dprN66Zdm1AuBTQ=="
		}
	}
}
