{
	"name": "@simplr-wc/date-input",
	"version": "0.2.7",
	"lockfileVersion": 1,
	"requires": true,
	"dependencies": {
		"flatpickr": {
			"version": "4.6.3",
			"resolved": "https://registry.npmjs.org/flatpickr/-/flatpickr-4.6.3.tgz",
			"integrity": "sha512-007VucCkqNOMMb9ggRLNuJowwaJcyOh4sKAFcdGfahfGc7JQbf94zSzjdBq/wVyHWUEs5o3+idhFZ0wbZMRmVQ=="
		},
		"lit-element": {
			"version": "2.3.1",
			"resolved": "https://registry.npmjs.org/lit-element/-/lit-element-2.3.1.tgz",
			"integrity": "sha512-tOcUAmeO3BzwiQ7FGWdsshNvC0HVHcTFYw/TLIImmKwXYoV0E7zCBASa8IJ7DiP4cen/Yoj454gS0qqTnIGsFA==",
			"requires": {
				"lit-html": "^1.1.1"
			}
		},
		"lit-flatpickr": {
			"version": "0.2.2",
			"resolved": "https://registry.npmjs.org/lit-flatpickr/-/lit-flatpickr-0.2.2.tgz",
			"integrity": "sha512-605rpIZ48AAxJlFt7N/LmvX/oPai6hENuebqubNM1ol0b9ZV+IPGF60OOTJUha2U1L8yfDZ2iV2dBPmUHRFCig==",
			"requires": {
				"flatpickr": "^4.6.3",
				"lit-element": "^2.2.1",
				"lit-html": "^1.1.2",
				"tslib": "^1.11.0"
			}
		},
		"lit-html": {
			"version": "1.2.1",
			"resolved": "https://registry.npmjs.org/lit-html/-/lit-html-1.2.1.tgz",
			"integrity": "sha512-GSJHHXMGLZDzTRq59IUfL9FCdAlGfqNp/dEa7k7aBaaWD+JKaCjsAk9KYm2V12ItonVaYx2dprN66Zdm1AuBTQ=="
		},
		"tslib": {
			"version": "1.13.0",
			"resolved": "https://registry.npmjs.org/tslib/-/tslib-1.13.0.tgz",
			"integrity": "sha512-i/6DQjL8Xf3be4K/E6Wgpekn5Qasl1usyw++dAA35Ue5orEn65VIxOA+YvNNl9HV3qv70T7CNwjODHZrLwvd1Q=="
		}
	}
}
