{
	"name": "@simplr-wc/password-input",
	"version": "0.3.0",
	"lockfileVersion": 1,
	"requires": true,
	"dependencies": {
		"@material/animation": {
			"version": "6.0.0-canary.35a32aaea.0",
			"resolved": "https://registry.npmjs.org/@material/animation/-/animation-6.0.0-canary.35a32aaea.0.tgz",
			"integrity": "sha512-UNdA/ndQYssWv6jOqAHXL4QaeI3OfC3j/bGikFsJ17nrSoo10G3d8wQSebw+ZS2wqsXp6jOu0iMDId6acZoO5w==",
			"requires": {
				"tslib": "^1.9.3"
			}
		},
		"@material/base": {
			"version": "6.0.0-canary.35a32aaea.0",
			"resolved": "https://registry.npmjs.org/@material/base/-/base-6.0.0-canary.35a32aaea.0.tgz",
			"integrity": "sha512-QE3rF3KP9HJet8Jpok9eFWK1F2n3JJKhP0qyjR+n1llgcoBtEIGShA8+wkixeCUS8rVgpWRNyppuqg8lft/WeQ==",
			"requires": {
				"tslib": "^1.9.3"
			}
		},
		"@material/density": {
			"version": "6.0.0-canary.35a32aaea.0",
			"resolved": "https://registry.npmjs.org/@material/density/-/density-6.0.0-canary.35a32aaea.0.tgz",
			"integrity": "sha512-r5g1abpF1qOWhSawbv6K7PfqYsGkb4zH+EEB4Cu4B8ztwCJermz1mgMF5GftvSHBovv5zLnHLu7/kVrE/VbL7g=="
		},
		"@material/dom": {
			"version": "6.0.0-canary.35a32aaea.0",
			"resolved": "https://registry.npmjs.org/@material/dom/-/dom-6.0.0-canary.35a32aaea.0.tgz",
			"integrity": "sha512-QoOQhYwZZ0F+tE7Mci92p8zY4iDsDZxIHZgO191o0zEdGROM6vTB3VupUwBn+5IdSKzblvxNsO6BblfMNmYpsw==",
			"requires": {
				"tslib": "^1.9.3"
			}
		},
		"@material/feature-targeting": {
			"version": "6.0.0-canary.35a32aaea.0",
			"resolved": "https://registry.npmjs.org/@material/feature-targeting/-/feature-targeting-6.0.0-canary.35a32aaea.0.tgz",
			"integrity": "sha512-qJbELPsZZ7D+SlRpz7LCpc3SKzsbE8a11PB8/RlpKqTk2h5+n+efy2J7Et2V2hJxwtR91D4JSN31tmNtxchMGA=="
		},
		"@material/floating-label": {
			"version": "6.0.0-canary.35a32aaea.0",
			"resolved": "https://registry.npmjs.org/@material/floating-label/-/floating-label-6.0.0-canary.35a32aaea.0.tgz",
			"integrity": "sha512-Wh71MuHAmVnTS6g91IVwINbYIW/ZH3o43JA29aVbZ/8GizLyXiK3DWbTWENSWcf2aUUe8i2l38lbBimT+X21/w==",
			"requires": {
				"@material/animation": "6.0.0-canary.35a32aaea.0",
				"@material/base": "6.0.0-canary.35a32aaea.0",
				"@material/dom": "6.0.0-canary.35a32aaea.0",
				"@material/feature-targeting": "6.0.0-canary.35a32aaea.0",
				"@material/rtl": "6.0.0-canary.35a32aaea.0",
				"@material/theme": "6.0.0-canary.35a32aaea.0",
				"@material/typography": "6.0.0-canary.35a32aaea.0",
				"tslib": "^1.9.3"
			}
		},
		"@material/line-ripple": {
			"version": "6.0.0-canary.35a32aaea.0",
			"resolved": "https://registry.npmjs.org/@material/line-ripple/-/line-ripple-6.0.0-canary.35a32aaea.0.tgz",
			"integrity": "sha512-uswpaOoLWkzWyYZ8ebzpkU3+C0OHmRzGTds5f90+nNHXNbpb/i/gwlGUpWJW/k/O7dQOBAaz1lWGUp9yIaXD2g==",
			"requires": {
				"@material/animation": "6.0.0-canary.35a32aaea.0",
				"@material/base": "6.0.0-canary.35a32aaea.0",
				"@material/feature-targeting": "6.0.0-canary.35a32aaea.0",
				"@material/theme": "6.0.0-canary.35a32aaea.0",
				"tslib": "^1.9.3"
			}
		},
		"@material/mwc-base": {
			"version": "0.14.1",
			"resolved": "https://registry.npmjs.org/@material/mwc-base/-/mwc-base-0.14.1.tgz",
			"integrity": "sha512-9EHP5Q2tQntiu6K92mn5G5gakmcuituHmz0NPvzAW34RnrMV81UevwfLLZwUiy51pm52hd5/viLXVt/WlL6bDg==",
			"requires": {
				"@material/base": "=6.0.0-canary.35a32aaea.0",
				"@material/dom": "=6.0.0-canary.35a32aaea.0",
				"@material/ripple": "=6.0.0-canary.35a32aaea.0",
				"lit-element": "^2.3.0",
				"tslib": "^1.10.0"
			}
		},
		"@material/mwc-floating-label": {
			"version": "0.14.1",
			"resolved": "https://registry.npmjs.org/@material/mwc-floating-label/-/mwc-floating-label-0.14.1.tgz",
			"integrity": "sha512-8oDN7oTo0BFPhpUiLH2D/022KUpv5JvHb8boRvcwSxHPsGPIiryqpKqk9yN2os2JR3e1LU4SlMyMUPW16yGoBg==",
			"requires": {
				"@material/floating-label": "=6.0.0-canary.35a32aaea.0",
				"lit-element": "^2.3.0",
				"lit-html": "^1.1.2",
				"tslib": "^1.10.0"
			}
		},
		"@material/mwc-icon": {
			"version": "0.14.1",
			"resolved": "https://registry.npmjs.org/@material/mwc-icon/-/mwc-icon-0.14.1.tgz",
			"integrity": "sha512-vjhmww/v2M4YVuPq5NhzoxyMBuJi1+CEKnfgdptqP2VT3oxjZKggQYqm/TlTTzHcRxOxhqmbcgfji7qosnzgfw==",
			"requires": {
				"@material/mwc-base": "^0.14.1",
				"lit-element": "^2.3.0",
				"tslib": "^1.10.0"
			}
		},
		"@material/mwc-line-ripple": {
			"version": "0.14.1",
			"resolved": "https://registry.npmjs.org/@material/mwc-line-ripple/-/mwc-line-ripple-0.14.1.tgz",
			"integrity": "sha512-1rlrDvoUuI177KUkKDuh+XM/qT+NamELKjq/qOIDJFeRr7wZGNtY8FmcJNIlJTILTGkYVBjdjmjkqqisqEDpKA==",
			"requires": {
				"@material/line-ripple": "=6.0.0-canary.35a32aaea.0",
				"lit-element": "^2.3.0",
				"lit-html": "^1.1.2",
				"tslib": "^1.10.0"
			}
		},
		"@material/mwc-notched-outline": {
			"version": "0.14.1",
			"resolved": "https://registry.npmjs.org/@material/mwc-notched-outline/-/mwc-notched-outline-0.14.1.tgz",
			"integrity": "sha512-NrYp6Jc1ccWuypDcKeJf5+Sg7sOLaRU9YW9DURbdm1dMlS9PweTuaJPdtH2WusN+KrKbVO9Xrw52Vaun4iwSzA==",
			"requires": {
				"@material/mwc-base": "^0.14.1",
				"@material/notched-outline": "=6.0.0-canary.35a32aaea.0",
				"@material/shape": "=6.0.0-canary.35a32aaea.0",
				"@material/theme": "=6.0.0-canary.35a32aaea.0",
				"lit-element": "^2.3.0",
				"tslib": "^1.10.0"
			}
		},
		"@material/mwc-textfield": {
			"version": "0.14.1",
			"resolved": "https://registry.npmjs.org/@material/mwc-textfield/-/mwc-textfield-0.14.1.tgz",
			"integrity": "sha512-1rZY+L0NSF5gdurqX7UXSpEVrbmfwjfSmi6ckhJZ4A6wpQ1dTfhuin2dUL6iAweX2nLNHXQIChCdjcIeOJMlqA==",
			"requires": {
				"@material/floating-label": "=6.0.0-canary.35a32aaea.0",
				"@material/line-ripple": "=6.0.0-canary.35a32aaea.0",
				"@material/mwc-base": "^0.14.1",
				"@material/mwc-floating-label": "^0.14.1",
				"@material/mwc-icon": "^0.14.1",
				"@material/mwc-line-ripple": "^0.14.1",
				"@material/mwc-notched-outline": "^0.14.1",
				"@material/shape": "=6.0.0-canary.35a32aaea.0",
				"@material/textfield": "=6.0.0-canary.35a32aaea.0",
				"@material/theme": "=6.0.0-canary.35a32aaea.0",
				"lit-element": "^2.3.0",
				"lit-html": "^1.1.2",
				"tslib": "^1.10.0"
			}
		},
		"@material/notched-outline": {
			"version": "6.0.0-canary.35a32aaea.0",
			"resolved": "https://registry.npmjs.org/@material/notched-outline/-/notched-outline-6.0.0-canary.35a32aaea.0.tgz",
			"integrity": "sha512-9xdyxREoaVywB1WqKx3vTmUBWgb3xQviOPmuYBXYDb9kPMuiX0IdpOYAMxaSaHWR/qtOmPR8CwWPZXuhqAgyMg==",
			"requires": {
				"@material/base": "6.0.0-canary.35a32aaea.0",
				"@material/feature-targeting": "6.0.0-canary.35a32aaea.0",
				"@material/floating-label": "6.0.0-canary.35a32aaea.0",
				"@material/rtl": "6.0.0-canary.35a32aaea.0",
				"@material/shape": "6.0.0-canary.35a32aaea.0",
				"@material/theme": "6.0.0-canary.35a32aaea.0",
				"tslib": "^1.9.3"
			}
		},
		"@material/ripple": {
			"version": "6.0.0-canary.35a32aaea.0",
			"resolved": "https://registry.npmjs.org/@material/ripple/-/ripple-6.0.0-canary.35a32aaea.0.tgz",
			"integrity": "sha512-0ZogedoMGKgBZQ8pbHNb6gudWu6KjIRRP8kEJYT8h4EIUUVC6NypHwJVBz7l+UzHPaXVUWdSQnQclHmtP7LuYg==",
			"requires": {
				"@material/animation": "6.0.0-canary.35a32aaea.0",
				"@material/base": "6.0.0-canary.35a32aaea.0",
				"@material/dom": "6.0.0-canary.35a32aaea.0",
				"@material/feature-targeting": "6.0.0-canary.35a32aaea.0",
				"@material/theme": "6.0.0-canary.35a32aaea.0",
				"tslib": "^1.9.3"
			}
		},
		"@material/rtl": {
			"version": "6.0.0-canary.35a32aaea.0",
			"resolved": "https://registry.npmjs.org/@material/rtl/-/rtl-6.0.0-canary.35a32aaea.0.tgz",
			"integrity": "sha512-G/xg1hIxLXb6+EA4Pb9TCkYsmxJRzrRhD7PoGb1SH/stLfyx6V8zyvWi9Te8VKCesZ9HZisB7VmN9+aI0NZnkQ=="
		},
		"@material/shape": {
			"version": "6.0.0-canary.35a32aaea.0",
			"resolved": "https://registry.npmjs.org/@material/shape/-/shape-6.0.0-canary.35a32aaea.0.tgz",
			"integrity": "sha512-4QN2Ura9Z3sdYwbnqGDaz+Cqq97skkdf+K10Ps6HH4j1sAmiwALDWO15llIHlLNSNKHcrrQwJeIei+q6rPdzXw==",
			"requires": {
				"@material/feature-targeting": "6.0.0-canary.35a32aaea.0",
				"@material/rtl": "6.0.0-canary.35a32aaea.0"
			}
		},
		"@material/textfield": {
			"version": "6.0.0-canary.35a32aaea.0",
			"resolved": "https://registry.npmjs.org/@material/textfield/-/textfield-6.0.0-canary.35a32aaea.0.tgz",
			"integrity": "sha512-iu9pf3q6MMeAdg8rWAdWeOPcFc7c87fOs4RhMGs8XhA2Oqfm3WYW7fAc2nLnAn5UkDsK+doW3WJqywxtwgMExw==",
			"requires": {
				"@material/animation": "6.0.0-canary.35a32aaea.0",
				"@material/base": "6.0.0-canary.35a32aaea.0",
				"@material/density": "6.0.0-canary.35a32aaea.0",
				"@material/dom": "6.0.0-canary.35a32aaea.0",
				"@material/feature-targeting": "6.0.0-canary.35a32aaea.0",
				"@material/floating-label": "6.0.0-canary.35a32aaea.0",
				"@material/line-ripple": "6.0.0-canary.35a32aaea.0",
				"@material/notched-outline": "6.0.0-canary.35a32aaea.0",
				"@material/ripple": "6.0.0-canary.35a32aaea.0",
				"@material/rtl": "6.0.0-canary.35a32aaea.0",
				"@material/shape": "6.0.0-canary.35a32aaea.0",
				"@material/theme": "6.0.0-canary.35a32aaea.0",
				"@material/typography": "6.0.0-canary.35a32aaea.0",
				"tslib": "^1.9.3"
			}
		},
		"@material/theme": {
			"version": "6.0.0-canary.35a32aaea.0",
			"resolved": "https://registry.npmjs.org/@material/theme/-/theme-6.0.0-canary.35a32aaea.0.tgz",
			"integrity": "sha512-DXz4aBBWiI4F9R/LA2/SlP/faX7gQboPE4zMqHUFRX8pRotMRUwPUFMPDsNI4wUcHRTvL5TtN1CRT/BvEXFoTQ==",
			"requires": {
				"@material/feature-targeting": "6.0.0-canary.35a32aaea.0"
			}
		},
		"@material/typography": {
			"version": "6.0.0-canary.35a32aaea.0",
			"resolved": "https://registry.npmjs.org/@material/typography/-/typography-6.0.0-canary.35a32aaea.0.tgz",
			"integrity": "sha512-cK/gPHvEOLMwUd8Y5Q8RW6ubObPhmEaTQ6bnE42dWLJu/CR42yMJyjNVYYVwWrclH56+wB613bGwvSnFueMD3w==",
			"requires": {
				"@material/feature-targeting": "6.0.0-canary.35a32aaea.0",
				"@material/theme": "6.0.0-canary.35a32aaea.0"
			}
		},
		"lit-element": {
			"version": "2.3.1",
			"resolved": "https://registry.npmjs.org/lit-element/-/lit-element-2.3.1.tgz",
			"integrity": "sha512-tOcUAmeO3BzwiQ7FGWdsshNvC0HVHcTFYw/TLIImmKwXYoV0E7zCBASa8IJ7DiP4cen/Yoj454gS0qqTnIGsFA==",
			"requires": {
				"lit-html": "^1.1.1"
			}
		},
		"lit-html": {
			"version": "1.2.1",
			"resolved": "https://registry.npmjs.org/lit-html/-/lit-html-1.2.1.tgz",
			"integrity": "sha512-GSJHHXMGLZDzTRq59IUfL9FCdAlGfqNp/dEa7k7aBaaWD+JKaCjsAk9KYm2V12ItonVaYx2dprN66Zdm1AuBTQ=="
		},
		"tslib": {
			"version": "1.13.0",
			"resolved": "https://registry.npmjs.org/tslib/-/tslib-1.13.0.tgz",
			"integrity": "sha512-i/6DQjL8Xf3be4K/E6Wgpekn5Qasl1usyw++dAA35Ue5orEn65VIxOA+YvNNl9HV3qv70T7CNwjODHZrLwvd1Q=="
		}
	}
}
