{
	"name": "@simplr-wc/radio-group",
	"version": "0.3.0",
	"lockfileVersion": 1,
	"requires": true,
	"dependencies": {
		"@material/animation": {
			"version": "6.0.0-canary.35a32aaea.0",
			"resolved": "https://registry.npmjs.org/@material/animation/-/animation-6.0.0-canary.35a32aaea.0.tgz",
			"integrity": "sha512-UNdA/ndQYssWv6jOqAHXL4QaeI3OfC3j/bGikFsJ17nrSoo10G3d8wQSebw+ZS2wqsXp6jOu0iMDId6acZoO5w==",
			"requires": {
				"tslib": "^1.9.3"
			}
		},
		"@material/base": {
			"version": "6.0.0-canary.35a32aaea.0",
			"resolved": "https://registry.npmjs.org/@material/base/-/base-6.0.0-canary.35a32aaea.0.tgz",
			"integrity": "sha512-QE3rF3KP9HJet8Jpok9eFWK1F2n3JJKhP0qyjR+n1llgcoBtEIGShA8+wkixeCUS8rVgpWRNyppuqg8lft/WeQ==",
			"requires": {
				"tslib": "^1.9.3"
			}
		},
		"@material/density": {
			"version": "6.0.0-canary.35a32aaea.0",
			"resolved": "https://registry.npmjs.org/@material/density/-/density-6.0.0-canary.35a32aaea.0.tgz",
			"integrity": "sha512-r5g1abpF1qOWhSawbv6K7PfqYsGkb4zH+EEB4Cu4B8ztwCJermz1mgMF5GftvSHBovv5zLnHLu7/kVrE/VbL7g=="
		},
		"@material/dom": {
			"version": "6.0.0-canary.35a32aaea.0",
			"resolved": "https://registry.npmjs.org/@material/dom/-/dom-6.0.0-canary.35a32aaea.0.tgz",
			"integrity": "sha512-QoOQhYwZZ0F+tE7Mci92p8zY4iDsDZxIHZgO191o0zEdGROM6vTB3VupUwBn+5IdSKzblvxNsO6BblfMNmYpsw==",
			"requires": {
				"tslib": "^1.9.3"
			}
		},
		"@material/feature-targeting": {
			"version": "6.0.0-canary.35a32aaea.0",
			"resolved": "https://registry.npmjs.org/@material/feature-targeting/-/feature-targeting-6.0.0-canary.35a32aaea.0.tgz",
			"integrity": "sha512-qJbELPsZZ7D+SlRpz7LCpc3SKzsbE8a11PB8/RlpKqTk2h5+n+efy2J7Et2V2hJxwtR91D4JSN31tmNtxchMGA=="
		},
		"@material/form-field": {
			"version": "6.0.0-canary.35a32aaea.0",
			"resolved": "https://registry.npmjs.org/@material/form-field/-/form-field-6.0.0-canary.35a32aaea.0.tgz",
			"integrity": "sha512-+LkE4JTKvSG1YfA6HRCBloD/Ai41d3Uw7qfWtAnoisduCRslPDkP2RXaNQ+ll3sHGOOE/cAUqTYZdAoFnN9lZA==",
			"requires": {
				"@material/base": "6.0.0-canary.35a32aaea.0",
				"@material/feature-targeting": "6.0.0-canary.35a32aaea.0",
				"@material/ripple": "6.0.0-canary.35a32aaea.0",
				"@material/rtl": "6.0.0-canary.35a32aaea.0",
				"@material/theme": "6.0.0-canary.35a32aaea.0",
				"@material/typography": "6.0.0-canary.35a32aaea.0",
				"tslib": "^1.9.3"
			}
		},
		"@material/mwc-base": {
			"version": "0.14.1",
			"resolved": "https://registry.npmjs.org/@material/mwc-base/-/mwc-base-0.14.1.tgz",
			"integrity": "sha512-9EHP5Q2tQntiu6K92mn5G5gakmcuituHmz0NPvzAW34RnrMV81UevwfLLZwUiy51pm52hd5/viLXVt/WlL6bDg==",
			"requires": {
				"@material/base": "=6.0.0-canary.35a32aaea.0",
				"@material/dom": "=6.0.0-canary.35a32aaea.0",
				"@material/ripple": "=6.0.0-canary.35a32aaea.0",
				"lit-element": "^2.3.0",
				"tslib": "^1.10.0"
			}
		},
		"@material/mwc-formfield": {
			"version": "0.14.1",
			"resolved": "https://registry.npmjs.org/@material/mwc-formfield/-/mwc-formfield-0.14.1.tgz",
			"integrity": "sha512-hRDFXUqB16vojdxGntzbaaVUqfODWXMg6D40Fjj0/ok2rC31POO/uoRhVHvwUZOHyjcY7yvFmXFQOXe5gUyNtg==",
			"requires": {
				"@material/form-field": "=6.0.0-canary.35a32aaea.0",
				"@material/mwc-base": "^0.14.1",
				"lit-element": "^2.3.0",
				"lit-html": "^1.1.2",
				"tslib": "^1.10.0"
			}
		},
		"@material/mwc-radio": {
			"version": "0.14.1",
			"resolved": "https://registry.npmjs.org/@material/mwc-radio/-/mwc-radio-0.14.1.tgz",
			"integrity": "sha512-a5MTnYY1Zl/3jCCoS8GQjO6w1wRDp5VjfSk78QYpdTiZOq4xTJd0OAYZ4JFN7fGM1S64pXVqIgCIbdTFMzdygw==",
			"requires": {
				"@material/mwc-base": "^0.14.1",
				"@material/mwc-ripple": "^0.14.1",
				"@material/radio": "=6.0.0-canary.35a32aaea.0",
				"lit-element": "^2.3.0",
				"tslib": "^1.10.0"
			}
		},
		"@material/mwc-ripple": {
			"version": "0.14.1",
			"resolved": "https://registry.npmjs.org/@material/mwc-ripple/-/mwc-ripple-0.14.1.tgz",
			"integrity": "sha512-UdGdkT4IlkQ7myWSeOj1RqXvneyrkjdBTXW0iswFySRRkbJ9f+g1771acKASdRG0fx7GvrWj6RPcBZzD5S9SmQ==",
			"requires": {
				"@material/dom": "=6.0.0-canary.35a32aaea.0",
				"@material/mwc-base": "^0.14.1",
				"@material/ripple": "=6.0.0-canary.35a32aaea.0",
				"lit-element": "^2.3.0",
				"lit-html": "^1.1.2",
				"tslib": "^1.10.0"
			}
		},
		"@material/radio": {
			"version": "6.0.0-canary.35a32aaea.0",
			"resolved": "https://registry.npmjs.org/@material/radio/-/radio-6.0.0-canary.35a32aaea.0.tgz",
			"integrity": "sha512-vXrZm7bCPRFEkEcqcNSlk0x9VfCzrbCzXAj5MQltUxo+rUMmKs2jtcgKJDGxQgzuaTe6xa+QNLoLZXsTd17vGg==",
			"requires": {
				"@material/animation": "6.0.0-canary.35a32aaea.0",
				"@material/base": "6.0.0-canary.35a32aaea.0",
				"@material/density": "6.0.0-canary.35a32aaea.0",
				"@material/dom": "6.0.0-canary.35a32aaea.0",
				"@material/feature-targeting": "6.0.0-canary.35a32aaea.0",
				"@material/ripple": "6.0.0-canary.35a32aaea.0",
				"@material/theme": "6.0.0-canary.35a32aaea.0",
				"@material/touch-target": "6.0.0-canary.35a32aaea.0",
				"tslib": "^1.9.3"
			}
		},
		"@material/ripple": {
			"version": "6.0.0-canary.35a32aaea.0",
			"resolved": "https://registry.npmjs.org/@material/ripple/-/ripple-6.0.0-canary.35a32aaea.0.tgz",
			"integrity": "sha512-0ZogedoMGKgBZQ8pbHNb6gudWu6KjIRRP8kEJYT8h4EIUUVC6NypHwJVBz7l+UzHPaXVUWdSQnQclHmtP7LuYg==",
			"requires": {
				"@material/animation": "6.0.0-canary.35a32aaea.0",
				"@material/base": "6.0.0-canary.35a32aaea.0",
				"@material/dom": "6.0.0-canary.35a32aaea.0",
				"@material/feature-targeting": "6.0.0-canary.35a32aaea.0",
				"@material/theme": "6.0.0-canary.35a32aaea.0",
				"tslib": "^1.9.3"
			}
		},
		"@material/rtl": {
			"version": "6.0.0-canary.35a32aaea.0",
			"resolved": "https://registry.npmjs.org/@material/rtl/-/rtl-6.0.0-canary.35a32aaea.0.tgz",
			"integrity": "sha512-G/xg1hIxLXb6+EA4Pb9TCkYsmxJRzrRhD7PoGb1SH/stLfyx6V8zyvWi9Te8VKCesZ9HZisB7VmN9+aI0NZnkQ=="
		},
		"@material/theme": {
			"version": "6.0.0-canary.35a32aaea.0",
			"resolved": "https://registry.npmjs.org/@material/theme/-/theme-6.0.0-canary.35a32aaea.0.tgz",
			"integrity": "sha512-DXz4aBBWiI4F9R/LA2/SlP/faX7gQboPE4zMqHUFRX8pRotMRUwPUFMPDsNI4wUcHRTvL5TtN1CRT/BvEXFoTQ==",
			"requires": {
				"@material/feature-targeting": "6.0.0-canary.35a32aaea.0"
			}
		},
		"@material/touch-target": {
			"version": "6.0.0-canary.35a32aaea.0",
			"resolved": "https://registry.npmjs.org/@material/touch-target/-/touch-target-6.0.0-canary.35a32aaea.0.tgz",
			"integrity": "sha512-yIpuA4koRLwhohKjXmvImLquV+uPK2+1/VnBObZFOw+Bbusm5VUBDS/9TTwZSKA5ze9hHnJpY0SICypz6poENQ==",
			"requires": {
				"@material/base": "6.0.0-canary.35a32aaea.0",
				"@material/feature-targeting": "6.0.0-canary.35a32aaea.0"
			}
		},
		"@material/typography": {
			"version": "6.0.0-canary.35a32aaea.0",
			"resolved": "https://registry.npmjs.org/@material/typography/-/typography-6.0.0-canary.35a32aaea.0.tgz",
			"integrity": "sha512-cK/gPHvEOLMwUd8Y5Q8RW6ubObPhmEaTQ6bnE42dWLJu/CR42yMJyjNVYYVwWrclH56+wB613bGwvSnFueMD3w==",
			"requires": {
				"@material/feature-targeting": "6.0.0-canary.35a32aaea.0",
				"@material/theme": "6.0.0-canary.35a32aaea.0"
			}
		},
		"@simplr-wc/theme": {
			"version": "0.1.1",
			"resolved": "https://registry.npmjs.org/@simplr-wc/theme/-/theme-0.1.1.tgz",
			"integrity": "sha512-aetit4sFnrMQcJkRGa92ACf2Yg//M/IaQm094d3wQmDHI7B12+A6i4aUCccgROL4JxwnopylPTawmSvanXsYYw=="
		},
		"lit-element": {
			"version": "2.3.1",
			"resolved": "https://registry.npmjs.org/lit-element/-/lit-element-2.3.1.tgz",
			"integrity": "sha512-tOcUAmeO3BzwiQ7FGWdsshNvC0HVHcTFYw/TLIImmKwXYoV0E7zCBASa8IJ7DiP4cen/Yoj454gS0qqTnIGsFA==",
			"requires": {
				"lit-html": "^1.1.1"
			}
		},
		"lit-html": {
			"version": "1.2.1",
			"resolved": "https://registry.npmjs.org/lit-html/-/lit-html-1.2.1.tgz",
			"integrity": "sha512-GSJHHXMGLZDzTRq59IUfL9FCdAlGfqNp/dEa7k7aBaaWD+JKaCjsAk9KYm2V12ItonVaYx2dprN66Zdm1AuBTQ=="
		},
		"tslib": {
			"version": "1.13.0",
			"resolved": "https://registry.npmjs.org/tslib/-/tslib-1.13.0.tgz",
			"integrity": "sha512-i/6DQjL8Xf3be4K/E6Wgpekn5Qasl1usyw++dAA35Ue5orEn65VIxOA+YvNNl9HV3qv70T7CNwjODHZrLwvd1Q=="
		}
	}
}
